
Microsoft Visual Studio Solution File, Format Version 12.00
# Visual Studio 15
VisualStudioVersion = 15.0.26127.3
MinimumVisualStudioVersion = 10.0.40219.1
Project("{FAE04EC0-301F-11D3-BF4B-00C04F79EFBC}") = "CC.Web", "CC.Web\CC.Web.csproj", "{A3CFFA02-8DC6-4345-8151-9E050A5985F7}"
EndProject
Project("{FAE04EC0-301F-11D3-BF4B-00C04F79EFBC}") = "CC.DataAccess", "CC.DataAccess\CC.DataAccess.csproj", "{57E72B09-3299-4AF9-8A81-5D82C37613D7}"
EndProject
Project("{FAE04EC0-301F-11D3-BF4B-00C04F79EFBC}") = "CC.Model", "CC.Model\CC.Model.csproj", "{D91EA111-BAB8-41E3-86CB-E87FDCAECB60}"
EndProject
Global
	GlobalSection(SolutionConfigurationPlatforms) = preSolution
		Debug|Any CPU = Debug|Any CPU
		Release|Any CPU = Release|Any CPU
	EndGlobalSection
	GlobalSection(ProjectConfigurationPlatforms) = postSolution
		{A3CFFA02-8DC6-4345-8151-9E050A5985F7}.Debug|Any CPU.ActiveCfg = Debug|Any CPU
		{A3CFFA02-8DC6-4345-8151-9E050A5985F7}.Debug|Any CPU.Build.0 = Debug|Any CPU
		{A3CFFA02-8DC6-4345-8151-9E050A5985F7}.Release|Any CPU.ActiveCfg = Release|Any CPU
		{A3CFFA02-8DC6-4345-8151-9E050A5985F7}.Release|Any CPU.Build.0 = Release|Any CPU
		{57E72B09-3299-4AF9-8A81-5D82C37613D7}.Debug|Any CPU.ActiveCfg = Debug|Any CPU
		{57E72B09-3299-4AF9-8A81-5D82C37613D7}.Debug|Any CPU.Build.0 = Debug|Any CPU
		{57E72B09-3299-4AF9-8A81-5D82C37613D7}.Release|Any CPU.ActiveCfg = Release|Any CPU
		{57E72B09-3299-4AF9-8A81-5D82C37613D7}.Release|Any CPU.Build.0 = Release|Any CPU
		{D91EA111-BAB8-41E3-86CB-E87FDCAECB60}.Debug|Any CPU.ActiveCfg = Debug|Any CPU
		{D91EA111-BAB8-41E3-86CB-E87FDCAECB60}.Debug|Any CPU.Build.0 = Debug|Any CPU
		{D91EA111-BAB8-41E3-86CB-E87FDCAECB60}.Release|Any CPU.ActiveCfg = Release|Any CPU
		{D91EA111-BAB8-41E3-86CB-E87FDCAECB60}.Release|Any CPU.Build.0 = Release|Any CPU
	EndGlobalSection
	GlobalSection(SolutionProperties) = preSolution
		HideSolutionNode = FALSE
	EndGlobalSection
EndGlobal
